
Microsoft Visual Studio Solution File, Format Version 12.00
# Visual Studio 15
VisualStudioVersion = 15.0.27130.2010
MinimumVisualStudioVersion = 10.0.40219.1
Project("{E24C65DC-7377-472B-9ABA-BC803B73C61A}") = "Autenticador_IIS", "Autenticador_IIS\", "{E801098B-4717-4298-9A04-51B0A24F709A}"
	ProjectSection(WebsiteProperties) = preProject
		TargetFrameworkMoniker = ".NETFramework,Version%3Dv4.0"
		ProjectReferences = "{b38807b2-64e4-403b-ba86-72f20c28353c}|Autenticador.dll;{4D7FB94C-7235-4847-9435-51F84CE6F381}|Classes.dll;"
		Debug.AspNetCompiler.VirtualPath = "/localhost_64241"
		Debug.AspNetCompiler.PhysicalPath = "Autenticador_IIS\"
		Debug.AspNetCompiler.TargetPath = "PrecompiledWeb\localhost_64241\"
		Debug.AspNetCompiler.Updateable = "true"
		Debug.AspNetCompiler.ForceOverwrite = "true"
		Debug.AspNetCompiler.FixedNames = "false"
		Debug.AspNetCompiler.Debug = "True"
		Release.AspNetCompiler.VirtualPath = "/localhost_64241"
		Release.AspNetCompiler.PhysicalPath = "Autenticador_IIS\"
		Release.AspNetCompiler.TargetPath = "PrecompiledWeb\localhost_64241\"
		Release.AspNetCompiler.Updateable = "true"
		Release.AspNetCompiler.ForceOverwrite = "true"
		Release.AspNetCompiler.FixedNames = "false"
		Release.AspNetCompiler.Debug = "False"
		VWDPort = "64241"
		SlnRelativePath = "Autenticador_IIS\"
		DefaultWebSiteLanguage = "Visual C#"
	EndProjectSection
EndProject
Project("{FAE04EC0-301F-11D3-BF4B-00C04F79EFBC}") = "Autenticador", "Autenticador\Autenticador.csproj", "{B38807B2-64E4-403B-BA86-72F20C28353C}"
EndProject
Project("{FAE04EC0-301F-11D3-BF4B-00C04F79EFBC}") = "Classes", "..\Classes\Classes.csproj", "{4D7FB94C-7235-4847-9435-51F84CE6F381}"
EndProject
Project("{FAE04EC0-301F-11D3-BF4B-00C04F79EFBC}") = "Autenticador_Host", "Autenticador_Host\Autenticador_Host.csproj", "{0B2CBC5D-613C-48B1-AC21-776DA0144E68}"
EndProject
Global
	GlobalSection(SolutionConfigurationPlatforms) = preSolution
		Debug|Any CPU = Debug|Any CPU
		Release|Any CPU = Release|Any CPU
	EndGlobalSection
	GlobalSection(ProjectConfigurationPlatforms) = postSolution
		{E801098B-4717-4298-9A04-51B0A24F709A}.Debug|Any CPU.ActiveCfg = Debug|Any CPU
		{E801098B-4717-4298-9A04-51B0A24F709A}.Debug|Any CPU.Build.0 = Debug|Any CPU
		{E801098B-4717-4298-9A04-51B0A24F709A}.Release|Any CPU.ActiveCfg = Debug|Any CPU
		{E801098B-4717-4298-9A04-51B0A24F709A}.Release|Any CPU.Build.0 = Debug|Any CPU
		{B38807B2-64E4-403B-BA86-72F20C28353C}.Debug|Any CPU.ActiveCfg = Debug|Any CPU
		{B38807B2-64E4-403B-BA86-72F20C28353C}.Debug|Any CPU.Build.0 = Debug|Any CPU
		{B38807B2-64E4-403B-BA86-72F20C28353C}.Release|Any CPU.ActiveCfg = Release|Any CPU
		{B38807B2-64E4-403B-BA86-72F20C28353C}.Release|Any CPU.Build.0 = Release|Any CPU
		{4D7FB94C-7235-4847-9435-51F84CE6F381}.Debug|Any CPU.ActiveCfg = Debug|Any CPU
		{4D7FB94C-7235-4847-9435-51F84CE6F381}.Debug|Any CPU.Build.0 = Debug|Any CPU
		{4D7FB94C-7235-4847-9435-51F84CE6F381}.Release|Any CPU.ActiveCfg = Release|Any CPU
		{4D7FB94C-7235-4847-9435-51F84CE6F381}.Release|Any CPU.Build.0 = Release|Any CPU
		{0B2CBC5D-613C-48B1-AC21-776DA0144E68}.Debug|Any CPU.ActiveCfg = Debug|Any CPU
		{0B2CBC5D-613C-48B1-AC21-776DA0144E68}.Debug|Any CPU.Build.0 = Debug|Any CPU
		{0B2CBC5D-613C-48B1-AC21-776DA0144E68}.Release|Any CPU.ActiveCfg = Release|Any CPU
		{0B2CBC5D-613C-48B1-AC21-776DA0144E68}.Release|Any CPU.Build.0 = Release|Any CPU
	EndGlobalSection
	GlobalSection(SolutionProperties) = preSolution
		HideSolutionNode = FALSE
	EndGlobalSection
	GlobalSection(ExtensibilityGlobals) = postSolution
		SolutionGuid = {29F8F5C9-6A56-4DE8-B7B3-3CE83F83E2D7}
	EndGlobalSection
EndGlobal
